{
  "lockfileVersion": 1,
  "workspaces": {
    "": {
      "name": "@examples/auth-service",
      "dependencies": {
        "@zenith/blaze": "workspace:../../packages/blaze",
        "@zenith/core": "workspace:../../packages/core",
        "@zenith/web": "workspace:../../packages/web",
        "class-validator": "^0.14.2",
        "drizzle-orm": "^0.44.2",
        "luxon": "^3.6.1",
      },
      "devDependencies": {
        "@types/luxon": "^3.6.2",
      },
    },
    "../../packages/blaze": {
      "name": "@zenith/blaze",
      "dependencies": {
        "@zenith/core": "workspace:*",
        "@zenith/web": "workspace:*",
      },
    },
    "../../packages/core": {
      "name": "@zenith/core",
    },
    "../../packages/web": {
      "name": "@zenith/web",
      "dependencies": {
        "@zenith/core": "workspace:*",
      },
    },
  },
  "packages": {
    "@types/luxon": ["@types/luxon@3.6.2", "", {}, "sha512-R/BdP7OxEMc44l2Ex5lSXHoIXTB2JLNa3y2QISIbr58U/YcsffyQrYW//hZSdrfxrjRZj3GcUoxMPGdO8gSYuw=="],

    "@types/validator": ["@types/validator@13.15.2", "", {}, "sha512-y7pa/oEJJ4iGYBxOpfAKn5b9+xuihvzDVnC/OSvlVnGxVg0pOqmjiMafiJ1KVNQEaPZf9HsEp5icEwGg8uIe5Q=="],

    "@zenith/blaze": ["@zenith/blaze@workspace:../../packages/blaze"],

    "@zenith/core": ["@zenith/core@workspace:../../packages/core"],

    "@zenith/web": ["@zenith/web@workspace:../../packages/web"],

    "class-validator": ["class-validator@0.14.2", "", { "dependencies": { "@types/validator": "^13.11.8", "libphonenumber-js": "^1.11.1", "validator": "^13.9.0" } }, "sha512-3kMVRF2io8N8pY1IFIXlho9r8IPUUIfHe2hYVtiebvAzU2XeQFXTv+XI4WX+TnXmtwXMDcjngcpkiPM0O9PvLw=="],

    "drizzle-orm": ["drizzle-orm@0.44.2", "", { "peerDependencies": { "@aws-sdk/client-rds-data": ">=3", "@cloudflare/workers-types": ">=4", "@electric-sql/pglite": ">=0.2.0", "@libsql/client": ">=0.10.0", "@libsql/client-wasm": ">=0.10.0", "@neondatabase/serverless": ">=0.10.0", "@op-engineering/op-sqlite": ">=2", "@opentelemetry/api": "^1.4.1", "@planetscale/database": ">=1.13", "@prisma/client": "*", "@tidbcloud/serverless": "*", "@types/better-sqlite3": "*", "@types/pg": "*", "@types/sql.js": "*", "@upstash/redis": ">=1.34.7", "@vercel/postgres": ">=0.8.0", "@xata.io/client": "*", "better-sqlite3": ">=7", "bun-types": "*", "expo-sqlite": ">=14.0.0", "gel": ">=2", "knex": "*", "kysely": "*", "mysql2": ">=2", "pg": ">=8", "postgres": ">=3", "sql.js": ">=1", "sqlite3": ">=5" }, "optionalPeers": ["@aws-sdk/client-rds-data", "@cloudflare/workers-types", "@electric-sql/pglite", "@libsql/client", "@libsql/client-wasm", "@neondatabase/serverless", "@op-engineering/op-sqlite", "@opentelemetry/api", "@planetscale/database", "@prisma/client", "@tidbcloud/serverless", "@types/better-sqlite3", "@types/pg", "@types/sql.js", "@upstash/redis", "@vercel/postgres", "@xata.io/client", "better-sqlite3", "bun-types", "expo-sqlite", "gel", "knex", "kysely", "mysql2", "pg", "postgres", "sql.js", "sqlite3"] }, "sha512-zGAqBzWWkVSFjZpwPOrmCrgO++1kZ5H/rZ4qTGeGOe18iXGVJWf3WPfHOVwFIbmi8kHjfJstC6rJomzGx8g/dQ=="],

    "libphonenumber-js": ["libphonenumber-js@1.12.9", "", {}, "sha512-VWwAdNeJgN7jFOD+wN4qx83DTPMVPPAUyx9/TUkBXKLiNkuWWk6anV0439tgdtwaJDrEdqkvdN22iA6J4bUCZg=="],

    "luxon": ["luxon@3.6.1", "", {}, "sha512-tJLxrKJhO2ukZ5z0gyjY1zPh3Rh88Ej9P7jNrZiHMUXHae1yvI2imgOZtL1TO8TW6biMMKfTtAOoEJANgtWBMQ=="],

    "validator": ["validator@13.15.15", "", {}, "sha512-BgWVbCI72aIQy937xbawcs+hrVaN/CZ2UwutgaJ36hGqRrLNM+f5LUT/YPRbo8IV/ASeFzXszezV+y2+rq3l8A=="],
  }
}
